
Microsoft Visual Studio Solution File, Format Version 12.00
# Visual Studio Version 16
VisualStudioVersion = 16.0.32929.386
MinimumVisualStudioVersion = 10.0.40219.1
Project("{FAE04EC0-301F-11D3-BF4B-00C04F79EFBC}") = "FinalProject.Android", "FinalProject.Android\FinalProject.Android.csproj", "{0F85FB6D-8A50-46FB-82C9-26568608A8A7}"
EndProject
Project("{FAE04EC0-301F-11D3-BF4B-00C04F79EFBC}") = "FinalProject.iOS", "FinalProject.iOS\FinalProject.iOS.csproj", "{3EA1D5E1-0FC7-4644-93EC-EA949799C61A}"
EndProject
Project("{FAE04EC0-301F-11D3-BF4B-00C04F79EFBC}") = "FinalProject", "FinalProject\FinalProject.csproj", "{EF728395-04C2-4208-B974-F8C182CC4AD7}"
EndProject
Global
	GlobalSection(SolutionConfigurationPlatforms) = preSolution
		Debug|Any CPU = Debug|Any CPU
		Debug|iPhone = Debug|iPhone
		Debug|iPhoneSimulator = Debug|iPhoneSimulator
		Release|Any CPU = Release|Any CPU
		Release|iPhone = Release|iPhone
		Release|iPhoneSimulator = Release|iPhoneSimulator
	EndGlobalSection
	GlobalSection(ProjectConfigurationPlatforms) = postSolution
		{0F85FB6D-8A50-46FB-82C9-26568608A8A7}.Debug|Any CPU.ActiveCfg = Debug|Any CPU
		{0F85FB6D-8A50-46FB-82C9-26568608A8A7}.Debug|Any CPU.Build.0 = Debug|Any CPU
		{0F85FB6D-8A50-46FB-82C9-26568608A8A7}.Debug|Any CPU.Deploy.0 = Debug|Any CPU
		{0F85FB6D-8A50-46FB-82C9-26568608A8A7}.Debug|iPhone.ActiveCfg = Debug|Any CPU
		{0F85FB6D-8A50-46FB-82C9-26568608A8A7}.Debug|iPhone.Build.0 = Debug|Any CPU
		{0F85FB6D-8A50-46FB-82C9-26568608A8A7}.Debug|iPhone.Deploy.0 = Debug|Any CPU
		{0F85FB6D-8A50-46FB-82C9-26568608A8A7}.Debug|iPhoneSimulator.ActiveCfg = Debug|Any CPU
		{0F85FB6D-8A50-46FB-82C9-26568608A8A7}.Debug|iPhoneSimulator.Build.0 = Debug|Any CPU
		{0F85FB6D-8A50-46FB-82C9-26568608A8A7}.Debug|iPhoneSimulator.Deploy.0 = Debug|Any CPU
		{0F85FB6D-8A50-46FB-82C9-26568608A8A7}.Release|Any CPU.ActiveCfg = Release|Any CPU
		{0F85FB6D-8A50-46FB-82C9-26568608A8A7}.Release|Any CPU.Build.0 = Release|Any CPU
		{0F85FB6D-8A50-46FB-82C9-26568608A8A7}.Release|Any CPU.Deploy.0 = Release|Any CPU
		{0F85FB6D-8A50-46FB-82C9-26568608A8A7}.Release|iPhone.ActiveCfg = Release|Any CPU
		{0F85FB6D-8A50-46FB-82C9-26568608A8A7}.Release|iPhone.Build.0 = Release|Any CPU
		{0F85FB6D-8A50-46FB-82C9-26568608A8A7}.Release|iPhone.Deploy.0 = Release|Any CPU
		{0F85FB6D-8A50-46FB-82C9-26568608A8A7}.Release|iPhoneSimulator.ActiveCfg = Release|Any CPU
		{0F85FB6D-8A50-46FB-82C9-26568608A8A7}.Release|iPhoneSimulator.Build.0 = Release|Any CPU
		{0F85FB6D-8A50-46FB-82C9-26568608A8A7}.Release|iPhoneSimulator.Deploy.0 = Release|Any CPU
		{3EA1D5E1-0FC7-4644-93EC-EA949799C61A}.Debug|Any CPU.ActiveCfg = Debug|iPhone
		{3EA1D5E1-0FC7-4644-93EC-EA949799C61A}.Debug|Any CPU.Build.0 = Debug|iPhone
		{3EA1D5E1-0FC7-4644-93EC-EA949799C61A}.Debug|Any CPU.Deploy.0 = Debug|iPhone
		{3EA1D5E1-0FC7-4644-93EC-EA949799C61A}.Debug|iPhone.ActiveCfg = Debug|iPhone
		{3EA1D5E1-0FC7-4644-93EC-EA949799C61A}.Debug|iPhone.Build.0 = Debug|iPhone
		{3EA1D5E1-0FC7-4644-93EC-EA949799C61A}.Debug|iPhone.Deploy.0 = Debug|iPhone
		{3EA1D5E1-0FC7-4644-93EC-EA949799C61A}.Debug|iPhoneSimulator.ActiveCfg = Debug|iPhoneSimulator
		{3EA1D5E1-0FC7-4644-93EC-EA949799C61A}.Debug|iPhoneSimulator.Build.0 = Debug|iPhoneSimulator
		{3EA1D5E1-0FC7-4644-93EC-EA949799C61A}.Debug|iPhoneSimulator.Deploy.0 = Debug|iPhoneSimulator
		{3EA1D5E1-0FC7-4644-93EC-EA949799C61A}.Release|Any CPU.ActiveCfg = Release|iPhoneSimulator
		{3EA1D5E1-0FC7-4644-93EC-EA949799C61A}.Release|Any CPU.Build.0 = Release|iPhoneSimulator
		{3EA1D5E1-0FC7-4644-93EC-EA949799C61A}.Release|Any CPU.Deploy.0 = Release|iPhoneSimulator
		{3EA1D5E1-0FC7-4644-93EC-EA949799C61A}.Release|iPhone.ActiveCfg = Release|iPhone
		{3EA1D5E1-0FC7-4644-93EC-EA949799C61A}.Release|iPhone.Build.0 = Release|iPhone
		{3EA1D5E1-0FC7-4644-93EC-EA949799C61A}.Release|iPhone.Deploy.0 = Release|iPhone
		{3EA1D5E1-0FC7-4644-93EC-EA949799C61A}.Release|iPhoneSimulator.ActiveCfg = Release|iPhoneSimulator
		{3EA1D5E1-0FC7-4644-93EC-EA949799C61A}.Release|iPhoneSimulator.Build.0 = Release|iPhoneSimulator
		{3EA1D5E1-0FC7-4644-93EC-EA949799C61A}.Release|iPhoneSimulator.Deploy.0 = Release|iPhoneSimulator
		{EF728395-04C2-4208-B974-F8C182CC4AD7}.Debug|Any CPU.ActiveCfg = Debug|Any CPU
		{EF728395-04C2-4208-B974-F8C182CC4AD7}.Debug|Any CPU.Build.0 = Debug|Any CPU
		{EF728395-04C2-4208-B974-F8C182CC4AD7}.Debug|Any CPU.Deploy.0 = Debug|Any CPU
		{EF728395-04C2-4208-B974-F8C182CC4AD7}.Debug|iPhone.ActiveCfg = Debug|Any CPU
		{EF728395-04C2-4208-B974-F8C182CC4AD7}.Debug|iPhone.Build.0 = Debug|Any CPU
		{EF728395-04C2-4208-B974-F8C182CC4AD7}.Debug|iPhone.Deploy.0 = Debug|Any CPU
		{EF728395-04C2-4208-B974-F8C182CC4AD7}.Debug|iPhoneSimulator.ActiveCfg = Debug|Any CPU
		{EF728395-04C2-4208-B974-F8C182CC4AD7}.Debug|iPhoneSimulator.Build.0 = Debug|Any CPU
		{EF728395-04C2-4208-B974-F8C182CC4AD7}.Debug|iPhoneSimulator.Deploy.0 = Debug|Any CPU
		{EF728395-04C2-4208-B974-F8C182CC4AD7}.Release|Any CPU.ActiveCfg = Release|Any CPU
		{EF728395-04C2-4208-B974-F8C182CC4AD7}.Release|Any CPU.Build.0 = Release|Any CPU
		{EF728395-04C2-4208-B974-F8C182CC4AD7}.Release|Any CPU.Deploy.0 = Release|Any CPU
		{EF728395-04C2-4208-B974-F8C182CC4AD7}.Release|iPhone.ActiveCfg = Release|Any CPU
		{EF728395-04C2-4208-B974-F8C182CC4AD7}.Release|iPhone.Build.0 = Release|Any CPU
		{EF728395-04C2-4208-B974-F8C182CC4AD7}.Release|iPhone.Deploy.0 = Release|Any CPU
		{EF728395-04C2-4208-B974-F8C182CC4AD7}.Release|iPhoneSimulator.ActiveCfg = Release|Any CPU
		{EF728395-04C2-4208-B974-F8C182CC4AD7}.Release|iPhoneSimulator.Build.0 = Release|Any CPU
		{EF728395-04C2-4208-B974-F8C182CC4AD7}.Release|iPhoneSimulator.Deploy.0 = Release|Any CPU
	EndGlobalSection
	GlobalSection(SolutionProperties) = preSolution
		HideSolutionNode = FALSE
	EndGlobalSection
	GlobalSection(ExtensibilityGlobals) = postSolution
		SolutionGuid = {B6BF7D4F-5CDB-4A64-980B-E2B32C3AA7D3}
	EndGlobalSection
EndGlobal
